
Microsoft Visual Studio Solution File, Format Version 12.00
# Visual Studio Version 17
VisualStudioVersion = 17.4.33213.308
MinimumVisualStudioVersion = 10.0.40219.1
Project("{FAE04EC0-301F-11D3-BF4B-00C04F79EFBC}") = "CustomerOrderService", "CustomerOrderService\CustomerOrderService.csproj", "{AAFD93D2-F796-4DCB-9003-78B8DDB3B7B3}"
EndProject
Project("{FAE04EC0-301F-11D3-BF4B-00C04F79EFBC}") = "CustomerOrderService.Tests", "..\CustomerOrderService.Tests\CustomerOrderService.Tests.csproj", "{CD063224-8B6F-48CE-96A9-49FDA95DD1A9}"
EndProject
Global
	GlobalSection(SolutionConfigurationPlatforms) = preSolution
		Debug|Any CPU = Debug|Any CPU
		Release|Any CPU = Release|Any CPU
	EndGlobalSection
	GlobalSection(ProjectConfigurationPlatforms) = postSolution
		{AAFD93D2-F796-4DCB-9003-78B8DDB3B7B3}.Debug|Any CPU.ActiveCfg = Debug|Any CPU
		{AAFD93D2-F796-4DCB-9003-78B8DDB3B7B3}.Debug|Any CPU.Build.0 = Debug|Any CPU
		{AAFD93D2-F796-4DCB-9003-78B8DDB3B7B3}.Release|Any CPU.ActiveCfg = Release|Any CPU
		{AAFD93D2-F796-4DCB-9003-78B8DDB3B7B3}.Release|Any CPU.Build.0 = Release|Any CPU
		{CD063224-8B6F-48CE-96A9-49FDA95DD1A9}.Debug|Any CPU.ActiveCfg = Debug|Any CPU
		{CD063224-8B6F-48CE-96A9-49FDA95DD1A9}.Debug|Any CPU.Build.0 = Debug|Any CPU
		{CD063224-8B6F-48CE-96A9-49FDA95DD1A9}.Release|Any CPU.ActiveCfg = Release|Any CPU
		{CD063224-8B6F-48CE-96A9-49FDA95DD1A9}.Release|Any CPU.Build.0 = Release|Any CPU
	EndGlobalSection
	GlobalSection(SolutionProperties) = preSolution
		HideSolutionNode = FALSE
	EndGlobalSection
	GlobalSection(ExtensibilityGlobals) = postSolution
		SolutionGuid = {F08EE2E9-6FC4-4D6B-AF08-627306EB7863}
	EndGlobalSection
EndGlobal
